<Solution>
  <Folder Name="/src/">
    <Project Path="src/VolleyHub.Api/VolleyHub.Api.csproj" />
    <Project Path="src/VolleyHub.Application/VolleyHub.Application.csproj" />
    <Project Path="src/VolleyHub.Domain/VolleyHub.Domain.csproj" />
    <Project Path="src/VolleyHub.Infrastructure/VolleyHub.Infrastructure.csproj" />
  </Folder>
</Solution>
