<Solution>
  <Folder Name="/src/">
    <Project Path="src/VolleyHub.Api/VolleyHub.Api.csproj" />
    <Project Path="src/VolleyHub.Application/VolleyHub.Application.csproj" />
    <Project Path="src/VolleyHub.Domain/VolleyHub.Domain.csproj" />
    <Project Path="src/VolleyHub.Infrastructure/VolleyHub.Infrastructure.csproj" />
  </Folder>
  <Folder Name="/tests/">
    <Project Path="tests/VolleyHub.Api.IntegrationTests/VolleyHub.Api.IntegrationTests.csproj" />
    <Project Path="tests/VolleyHub.Application.UnitTests/VolleyHub.Application.UnitTests.csproj" />
    <Project Path="tests/VolleyHub.Domain.UnitTests/VolleyHub.Domain.UnitTests.csproj" />
  </Folder>
</Solution>
